{
  "name": "googlemaps",
  "lockfileVersion": 2,
  "requires": true,
  "packages": {
    "": {
      "dependencies": {
        "dotenv": "^15.0.0"
      }
    },
    "node_modules/dotenv": {
      "version": "15.0.0",
      "resolved": "https://registry.npmjs.org/dotenv/-/dotenv-15.0.0.tgz",
      "integrity": "sha512-/l1sXXm79ry34KwwS0y4oVZjB468iw/6u9g1W26dtexKcIJAnVL2pMF+hxQwzZ7LutxOwEgtym9eIxvX33CMKg==",
      "engines": {
        "node": ">=12"
      }
    }
  },
  "dependencies": {
    "dotenv": {
      "version": "15.0.0",
      "resolved": "https://registry.npmjs.org/dotenv/-/dotenv-15.0.0.tgz",
      "integrity": "sha512-/l1sXXm79ry34KwwS0y4oVZjB468iw/6u9g1W26dtexKcIJAnVL2pMF+hxQwzZ7LutxOwEgtym9eIxvX33CMKg=="
    }
  }
}
