{
  "name": "squirrelly",
  "lockfileVersion": 3,
  "requires": true,
  "packages": {
    "": {
      "dependencies": {
        "squirrelly": "^9.1.0"
      }
    },
    "node_modules/squirrelly": {
      "version": "9.1.0",
      "resolved": "https://registry.npmjs.org/squirrelly/-/squirrelly-9.1.0.tgz",
      "integrity": "sha512-kvjFqb7qzC4gX4lkqSaU8QPvUHhDLMiDpxpz7a66vjTH0JtjLJqAXbPrc7ST61EefuuuW05sne2rjGskunrF2A==",
      "license": "MIT",
      "engines": {
        "node": ">=6.0.0"
      },
      "funding": {
        "url": "https://github.com/squirrellyjs/squirrelly?sponsor=1"
      }
    }
  }
}
