{
  "requires": true,
  "lockfileVersion": 1,
  "dependencies": {
    "lunr": {
      "version": "2.3.9",
      "resolved": "https://registry.npmjs.org/lunr/-/lunr-2.3.9.tgz",
      "integrity": "sha512-zTU3DaZaF3Rt9rhN3uBMGQD3dD2/vFQqnvZCDv4dl5iOzq2IZQqTxu90r4E5J+nP70J3ilqVCrbho2eWaeW8Ow=="
    }
  }
}
